{
  "originHash" : "25741725534bf349d85342c3c4f09746825ae3902642ee651a2b1cc0ac192cd4",
  "pins" : [
    {
      "identity" : "alamofire",
      "kind" : "remoteSourceControl",
      "location" : "https://github.com/Alamofire/Alamofire.git",
      "state" : {
        "revision" : "513364f870f6bfc468f9d2ff0a95caccc10044c5",
        "version" : "5.10.2"
      }
    },
    {
      "identity" : "async-http-client",
      "kind" : "remoteSourceControl",
      "location" : "https://github.com/swift-server/async-http-client.git",
      "state" : {
        "revision" : "8430dd49d4e2b417f472141805c9691ec2923cb8",
        "version" : "1.29.0"
      }
    },
    {
      "identity" : "async-kit",
      "kind" : "remoteSourceControl",
      "location" : "https://github.com/vapor/async-kit.git",
      "state" : {
        "revision" : "6f3615ccf2ac3c2ae0c8087d527546e9544a43dd",
        "version" : "1.21.0"
      }
    },
    {
      "identity" : "automautilities",
      "kind" : "remoteSourceControl",
      "location" : "https://github.com/GetAutomaApp/AutomaUtilities",
      "state" : {
        "branch" : "main",
        "revision" : "331cb7c30e544907a79d0731df268ad96f98700f"
      }
    },
    {
      "identity" : "console-kit",
      "kind" : "remoteSourceControl",
      "location" : "https://github.com/vapor/console-kit.git",
      "state" : {
        "revision" : "742f624a998cba2a9e653d9b1e91ad3f3a5dff6b",
        "version" : "4.15.2"
      }
    },
    {
      "identity" : "fakery",
      "kind" : "remoteSourceControl",
      "location" : "https://github.com/GetAutomaApp/Fakery",
      "state" : {
        "branch" : "master",
        "revision" : "f68f2ceaaf6782db234e4cbcd5f06dbeeb91af7e"
      }
    },
    {
      "identity" : "feedkit",
      "kind" : "remoteSourceControl",
      "location" : "https://github.com/nmdias/FeedKit.git",
      "state" : {
        "revision" : "7cd3569dac2a82118eb22d8bce48d040ef0d014d",
        "version" : "10.1.3"
      }
    },
    {
      "identity" : "fluent",
      "kind" : "remoteSourceControl",
      "location" : "https://github.com/vapor/fluent.git",
      "state" : {
        "revision" : "2fe9e36daf4bdb5edcf193e0d0806ba2074d2864",
        "version" : "4.13.0"
      }
    },
    {
      "identity" : "fluent-kit",
      "kind" : "remoteSourceControl",
      "location" : "https://github.com/vapor/fluent-kit.git",
      "state" : {
        "revision" : "8baacd7e8f7ebf68886c496b43bbe6cdcc5b57e0",
        "version" : "1.52.2"
      }
    },
    {
      "identity" : "fluent-postgres-driver",
      "kind" : "remoteSourceControl",
      "location" : "https://github.com/vapor/fluent-postgres-driver.git",
      "state" : {
        "revision" : "59bff45a41d1ece1950bb8a6e0006d88c1fb6e69",
        "version" : "2.12.0"
      }
    },
    {
      "identity" : "flyingfox",
      "kind" : "remoteSourceControl",
      "location" : "https://github.com/swhitty/FlyingFox.git",
      "state" : {
        "revision" : "76b2d2d0eb54f0b53e8b661cc8007c487d94f8da",
        "version" : "0.25.0"
      }
    },
    {
      "identity" : "grpc-swift-2",
      "kind" : "remoteSourceControl",
      "location" : "https://github.com/grpc/grpc-swift-2.git",
      "state" : {
        "revision" : "8bc237c565deb14cd2ffda0b23759bdcdaa244b7",
        "version" : "2.2.0"
      }
    },
    {
      "identity" : "grpc-swift-extras",
      "kind" : "remoteSourceControl",
      "location" : "https://github.com/grpc/grpc-swift-extras.git",
      "state" : {
        "revision" : "f6fc3a28a896cb5e01365758c717a3d56c16a2b2",
        "version" : "2.1.0"
      }
    },
    {
      "identity" : "grpc-swift-nio-transport",
      "kind" : "remoteSourceControl",
      "location" : "https://github.com/grpc/grpc-swift-nio-transport.git",
      "state" : {
        "revision" : "11d1f0917aa30ca50e2c78d216e8ae8c72f42af1",
        "version" : "2.3.0"
      }
    },
    {
      "identity" : "grpc-swift-protobuf",
      "kind" : "remoteSourceControl",
      "location" : "https://github.com/grpc/grpc-swift-protobuf.git",
      "state" : {
        "revision" : "c008d356d9e9c2255602711888bf25b542a30919",
        "version" : "2.1.1"
      }
    },
    {
      "identity" : "jmespath.swift",
      "kind" : "remoteSourceControl",
      "location" : "https://github.com/jmespath/jmespath.swift.git",
      "state" : {
        "revision" : "3877a5060e85ae33e3b9fe51ab581784f65ec80e",
        "version" : "1.0.3"
      }
    },
    {
      "identity" : "jwt",
      "kind" : "remoteSourceControl",
      "location" : "https://github.com/vapor/jwt.git",
      "state" : {
        "revision" : "af1c59762d70d1065ddbc0d7902ea9b3dacd1a26",
        "version" : "5.1.2"
      }
    },
    {
      "identity" : "jwt-kit",
      "kind" : "remoteSourceControl",
      "location" : "https://github.com/vapor/jwt-kit.git",
      "state" : {
        "revision" : "2033b3e661238dda3d30e36a2d40987499d987de",
        "version" : "5.2.0"
      }
    },
    {
      "identity" : "leaf",
      "kind" : "remoteSourceControl",
      "location" : "https://github.com/vapor/leaf.git",
      "state" : {
        "revision" : "b70a6108e4917f338f6b8848407bf655aa7e405f",
        "version" : "4.5.1"
      }
    },
    {
      "identity" : "leaf-kit",
      "kind" : "remoteSourceControl",
      "location" : "https://github.com/vapor/leaf-kit.git",
      "state" : {
        "revision" : "0c325fc46d42455914abd0105e88fe4561fc31a8",
        "version" : "1.14.0"
      }
    },
    {
      "identity" : "lrucache",
      "kind" : "remoteSourceControl",
      "location" : "https://github.com/nicklockwood/LRUCache.git",
      "state" : {
        "revision" : "0d91406ecd4d6c1c56275866f00508d9aeacc92a",
        "version" : "1.2.0"
      }
    },
    {
      "identity" : "multipart-kit",
      "kind" : "remoteSourceControl",
      "location" : "https://github.com/vapor/multipart-kit.git",
      "state" : {
        "revision" : "3498e60218e6003894ff95192d756e238c01f44e",
        "version" : "4.7.1"
      }
    },
    {
      "identity" : "openai",
      "kind" : "remoteSourceControl",
      "location" : "https://github.com/MacPaw/OpenAI.git",
      "state" : {
        "revision" : "28884fcfb15946b119b6eb3498e5a900c1d8d595",
        "version" : "0.4.7"
      }
    },
    {
      "identity" : "phonenumberkit",
      "kind" : "remoteSourceControl",
      "location" : "https://github.com/marmelroy/PhoneNumberKit",
      "state" : {
        "revision" : "ae822f82625ea00b3fff2498eb0d94904a92371d",
        "version" : "4.1.8"
      }
    },
    {
      "identity" : "postgres-kit",
      "kind" : "remoteSourceControl",
      "location" : "https://github.com/vapor/postgres-kit.git",
      "state" : {
        "revision" : "fe44bbe35a6852730e76891b1fb36c533ecec3f6",
        "version" : "2.15.0"
      }
    },
    {
      "identity" : "postgres-nio",
      "kind" : "remoteSourceControl",
      "location" : "https://github.com/vapor/postgres-nio.git",
      "state" : {
        "revision" : "4795a0b0762c5cca843a720969c9dfee378e5120",
        "version" : "1.29.0"
      }
    },
    {
      "identity" : "routing-kit",
      "kind" : "remoteSourceControl",
      "location" : "https://github.com/vapor/routing-kit.git",
      "state" : {
        "revision" : "93f7222c8e195cbad39fafb5a0e4cc85a8def7ea",
        "version" : "4.9.2"
      }
    },
    {
      "identity" : "soto",
      "kind" : "remoteSourceControl",
      "location" : "https://github.com/soto-project/soto.git",
      "state" : {
        "revision" : "bdfcc97e2472061ddf3035e74aec57245a55396f",
        "version" : "7.10.0"
      }
    },
    {
      "identity" : "soto-core",
      "kind" : "remoteSourceControl",
      "location" : "https://github.com/soto-project/soto-core.git",
      "state" : {
        "revision" : "6ed8bfde45bbee4c290dff732b05a2c6f0b8daf8",
        "version" : "7.9.0"
      }
    },
    {
      "identity" : "sql-kit",
      "kind" : "remoteSourceControl",
      "location" : "https://github.com/vapor/sql-kit.git",
      "state" : {
        "revision" : "1a9ab0523fb742d9629558cede64290165c4285b",
        "version" : "3.33.2"
      }
    },
    {
      "identity" : "swift-algorithms",
      "kind" : "remoteSourceControl",
      "location" : "https://github.com/apple/swift-algorithms.git",
      "state" : {
        "revision" : "87e50f483c54e6efd60e885f7f5aa946cee68023",
        "version" : "1.2.1"
      }
    },
    {
      "identity" : "swift-asn1",
      "kind" : "remoteSourceControl",
      "location" : "https://github.com/apple/swift-asn1.git",
      "state" : {
        "revision" : "40d25bbb2fc5b557a9aa8512210bded327c0f60d",
        "version" : "1.5.0"
      }
    },
    {
      "identity" : "swift-async-algorithms",
      "kind" : "remoteSourceControl",
      "location" : "https://github.com/apple/swift-async-algorithms.git",
      "state" : {
        "revision" : "042e1c4d9d19748c9c228f8d4ebc97bb1e339b0b",
        "version" : "1.0.4"
      }
    },
    {
      "identity" : "swift-atomics",
      "kind" : "remoteSourceControl",
      "location" : "https://github.com/apple/swift-atomics.git",
      "state" : {
        "revision" : "b601256eab081c0f92f059e12818ac1d4f178ff7",
        "version" : "1.3.0"
      }
    },
    {
      "identity" : "swift-certificates",
      "kind" : "remoteSourceControl",
      "location" : "https://github.com/apple/swift-certificates.git",
      "state" : {
        "revision" : "f4cd9e78a1ec209b27e426a5f5c693675f95e75a",
        "version" : "1.15.0"
      }
    },
    {
      "identity" : "swift-collections",
      "kind" : "remoteSourceControl",
      "location" : "https://github.com/apple/swift-collections.git",
      "state" : {
        "revision" : "7b847a3b7008b2dc2f47ca3110d8c782fb2e5c7e",
        "version" : "1.3.0"
      }
    },
    {
      "identity" : "swift-configuration",
      "kind" : "remoteSourceControl",
      "location" : "https://github.com/apple/swift-configuration.git",
      "state" : {
        "revision" : "9d5e40727efd060fb9b41b69932738f478abaa43",
        "version" : "0.2.0"
      }
    },
    {
      "identity" : "swift-crypto",
      "kind" : "remoteSourceControl",
      "location" : "https://github.com/apple/swift-crypto.git",
      "state" : {
        "revision" : "95ba0316a9b733e92bb6b071255ff46263bbe7dc",
        "version" : "3.15.1"
      }
    },
    {
      "identity" : "swift-distributed-tracing",
      "kind" : "remoteSourceControl",
      "location" : "https://github.com/apple/swift-distributed-tracing.git",
      "state" : {
        "revision" : "baa932c1336f7894145cbaafcd34ce2dd0b77c97",
        "version" : "1.3.1"
      }
    },
    {
      "identity" : "swift-http-structured-headers",
      "kind" : "remoteSourceControl",
      "location" : "https://github.com/apple/swift-http-structured-headers.git",
      "state" : {
        "revision" : "a9f3c352f4d46afd155e00b3c6e85decae6bcbeb",
        "version" : "1.5.0"
      }
    },
    {
      "identity" : "swift-http-types",
      "kind" : "remoteSourceControl",
      "location" : "https://github.com/apple/swift-http-types",
      "state" : {
        "revision" : "45eb0224913ea070ec4fba17291b9e7ecf4749ca",
        "version" : "1.5.1"
      }
    },
    {
      "identity" : "swift-log",
      "kind" : "remoteSourceControl",
      "location" : "https://github.com/apple/swift-log.git",
      "state" : {
        "revision" : "ce592ae52f982c847a4efc0dd881cc9eb32d29f2",
        "version" : "1.6.4"
      }
    },
    {
      "identity" : "swift-log-loki",
      "kind" : "remoteSourceControl",
      "location" : "https://github.com/lovetodream/swift-log-loki.git",
      "state" : {
        "branch" : "main",
        "revision" : "5782de2bafe49033ef5ce2e3a2c5531954fb6287"
      }
    },
    {
      "identity" : "swift-metrics",
      "kind" : "remoteSourceControl",
      "location" : "https://github.com/apple/swift-metrics.git",
      "state" : {
        "revision" : "0743a9364382629da3bf5677b46a2c4b1ce5d2a6",
        "version" : "2.7.1"
      }
    },
    {
      "identity" : "swift-nio",
      "kind" : "remoteSourceControl",
      "location" : "https://github.com/apple/swift-nio.git",
      "state" : {
        "revision" : "4e8f4b1c9adaa59315c523540c1ff2b38adc20a9",
        "version" : "2.87.0"
      }
    },
    {
      "identity" : "swift-nio-extras",
      "kind" : "remoteSourceControl",
      "location" : "https://github.com/apple/swift-nio-extras.git",
      "state" : {
        "revision" : "a55c3dd3a81d035af8a20ce5718889c0dcab073d",
        "version" : "1.29.0"
      }
    },
    {
      "identity" : "swift-nio-http2",
      "kind" : "remoteSourceControl",
      "location" : "https://github.com/apple/swift-nio-http2.git",
      "state" : {
        "revision" : "5e9e99ec96c53bc2c18ddd10c1e25a3cd97c55e5",
        "version" : "1.38.0"
      }
    },
    {
      "identity" : "swift-nio-ssl",
      "kind" : "remoteSourceControl",
      "location" : "https://github.com/apple/swift-nio-ssl.git",
      "state" : {
        "revision" : "d3bad3847c53015fe8ec1e6c3ab54e53a5b6f15f",
        "version" : "2.35.0"
      }
    },
    {
      "identity" : "swift-nio-transport-services",
      "kind" : "remoteSourceControl",
      "location" : "https://github.com/apple/swift-nio-transport-services.git",
      "state" : {
        "revision" : "df6c28355051c72c884574a6c858bc54f7311ff9",
        "version" : "1.25.2"
      }
    },
    {
      "identity" : "swift-numerics",
      "kind" : "remoteSourceControl",
      "location" : "https://github.com/apple/swift-numerics.git",
      "state" : {
        "revision" : "0c0290ff6b24942dadb83a929ffaaa1481df04a2",
        "version" : "1.1.1"
      }
    },
    {
      "identity" : "swift-openapi-runtime",
      "kind" : "remoteSourceControl",
      "location" : "https://github.com/apple/swift-openapi-runtime",
      "state" : {
        "revision" : "7722cf8eac05c1f1b5b05895b04cfcc29576d9be",
        "version" : "1.8.3"
      }
    },
    {
      "identity" : "swift-otel-semantic-conventions",
      "kind" : "remoteSourceControl",
      "location" : "https://github.com/swift-otel/swift-otel-semantic-conventions.git",
      "state" : {
        "revision" : "69185e48088c4abdd438b74d332d103431849f63",
        "version" : "1.38.0"
      }
    },
    {
      "identity" : "swift-prometheus",
      "kind" : "remoteSourceControl",
      "location" : "https://github.com/swift-server/swift-prometheus.git",
      "state" : {
        "revision" : "8a8ff47403444e16d8cdfa805a5e3cb8e2efe734",
        "version" : "2.2.0"
      }
    },
    {
      "identity" : "swift-protobuf",
      "kind" : "remoteSourceControl",
      "location" : "https://github.com/apple/swift-protobuf.git",
      "state" : {
        "revision" : "c169a5744230951031770e27e475ff6eefe51f9d",
        "version" : "1.33.3"
      }
    },
    {
      "identity" : "swift-retry",
      "kind" : "remoteSourceControl",
      "location" : "https://github.com/GetAutomaApp/swift-retry.git",
      "state" : {
        "branch" : "main",
        "revision" : "c32267c782c6560b3b840f34bc6862ff8b73ed76"
      }
    },
    {
      "identity" : "swift-service-context",
      "kind" : "remoteSourceControl",
      "location" : "https://github.com/apple/swift-service-context.git",
      "state" : {
        "revision" : "1983448fefc717a2bc2ebde5490fe99873c5b8a6",
        "version" : "1.2.1"
      }
    },
    {
      "identity" : "swift-service-lifecycle",
      "kind" : "remoteSourceControl",
      "location" : "https://github.com/swift-server/swift-service-lifecycle.git",
      "state" : {
        "revision" : "0fcc4c9c2d58dd98504c06f7308c86de775396ff",
        "version" : "2.9.0"
      }
    },
    {
      "identity" : "swift-snappy",
      "kind" : "remoteSourceControl",
      "location" : "https://github.com/lovetodream/swift-snappy.git",
      "state" : {
        "revision" : "1ae49828144f397aebcbb9d3e334a8f84268ef8d",
        "version" : "1.0.0"
      }
    },
    {
      "identity" : "swift-syntax",
      "kind" : "remoteSourceControl",
      "location" : "https://github.com/swiftlang/swift-syntax.git",
      "state" : {
        "revision" : "f99ae8aa18f0cf0d53481901f88a0991dc3bd4a2",
        "version" : "601.0.1"
      }
    },
    {
      "identity" : "swift-system",
      "kind" : "remoteSourceControl",
      "location" : "https://github.com/apple/swift-system.git",
      "state" : {
        "revision" : "395a77f0aa927f0ff73941d7ac35f2b46d47c9db",
        "version" : "1.6.3"
      }
    },
    {
      "identity" : "swift-temporal-sdk",
      "kind" : "remoteSourceControl",
      "location" : "https://github.com/apple/swift-temporal-sdk.git",
      "state" : {
        "revision" : "35235775afe122a2a5e1fd3e400f02d3dc3b6d1b",
        "version" : "0.4.0"
      }
    },
    {
      "identity" : "swiftsoup",
      "kind" : "remoteSourceControl",
      "location" : "https://github.com/scinfu/SwiftSoup.git",
      "state" : {
        "revision" : "4206bc7b8bd9a4ff8e9511211e1b4bff979ef9c4",
        "version" : "2.11.1"
      }
    },
    {
      "identity" : "twitterapikit",
      "kind" : "remoteSourceControl",
      "location" : "https://github.com/GetAutomaApp/TwitterAPIKit",
      "state" : {
        "revision" : "242e0f8f498a9080b604c5e6028f2717f109d447",
        "version" : "1.0.0"
      }
    },
    {
      "identity" : "vapor",
      "kind" : "remoteSourceControl",
      "location" : "https://github.com/vapor/vapor.git",
      "state" : {
        "revision" : "773ea6a63595ae4f6bc46a366d78769d4cb8b08c",
        "version" : "4.117.0"
      }
    },
    {
      "identity" : "websocket-kit",
      "kind" : "remoteSourceControl",
      "location" : "https://github.com/vapor/websocket-kit.git",
      "state" : {
        "revision" : "8666c92dbbb3c8eefc8008c9c8dcf50bfd302167",
        "version" : "2.16.1"
      }
    }
  ],
  "version" : 3
}
